{
  "object": {
    "pins": [
      {
        "package": "COPUS",
        "repositoryURL": "https://github.com/nuclearace/copus",
        "state": {
          "branch": null,
          "revision": "365743902efc1c93730757cea288bef4b90637a0",
          "version": "2.0.0"
        }
      },
      {
        "package": "http-kit",
        "repositoryURL": "https://github.com/vapor/engine",
        "state": {
          "branch": "master",
          "revision": "3e49ea0b7c16ee0e0985babff9659d467d4f59fd",
          "version": null
        }
      },
      {
        "package": "Sodium",
        "repositoryURL": "https://github.com/nuclearace/Sodium",
        "state": {
          "branch": null,
          "revision": "5812a3d879b77aae0fdfbd62d0e8354e914d15ae",
          "version": "2.0.0"
        }
      },
      {
        "package": "Starscream",
        "repositoryURL": "https://github.com/daltoniam/Starscream",
        "state": {
          "branch": null,
          "revision": "ebdc260ea64e68f7569c62e8744b5cd15d3a49d6",
          "version": "3.0.6"
        }
      },
      {
        "package": "swift-log",
        "repositoryURL": "https://github.com/apple/swift-log.git",
        "state": {
          "branch": "master",
          "revision": "de30f5bfc245f0bf15de114b8668f264739585c1",
          "version": null
        }
      },
      {
        "package": "swift-nio",
        "repositoryURL": "https://github.com/apple/swift-nio.git",
        "state": {
          "branch": null,
          "revision": "acf5465b5e7fb9aeda54a34d16fb44c31a399715",
          "version": "2.20.2"
        }
      },
      {
        "package": "swift-nio-extras",
        "repositoryURL": "https://github.com/apple/swift-nio-extras.git",
        "state": {
          "branch": null,
          "revision": "d525d3bbd1321fa928948065fd9a8dc109d5d45b",
          "version": "1.6.0"
        }
      },
      {
        "package": "swift-nio-http2",
        "repositoryURL": "https://github.com/apple/swift-nio-http2.git",
        "state": {
          "branch": null,
          "revision": "e9627350bdb85bde7e0dc69a29799e40961ced72",
          "version": "1.13.0"
        }
      },
      {
        "package": "swift-nio-ssl",
        "repositoryURL": "https://github.com/apple/swift-nio-ssl.git",
        "state": {
          "branch": null,
          "revision": "8a137b72a9339f295bc8bb95cd2fafe207f1df0d",
          "version": "2.9.0"
        }
      }
    ]
  },
  "version": 1
}
